
Microsoft Visual Studio Solution File, Format Version 12.00
Project("{FAE04EC0-301F-11D3-BF4B-00C04F79EFBC}") = "SourceGeneration.SourceGenerator", "SourceGeneration.SourceGenerator\SourceGeneration.SourceGenerator.csproj", "{D233A4ED-B274-433D-9CBE-355BBE4A58D2}"
EndProject
Project("{FAE04EC0-301F-11D3-BF4B-00C04F79EFBC}") = "SourceGeneration.ConsoleApp", "SourceGeneration.ConsoleApp\SourceGeneration.ConsoleApp.csproj", "{EB73A2A9-9B7B-4AF8-9E5C-575798DA1564}"
EndProject
Project("{FAE04EC0-301F-11D3-BF4B-00C04F79EFBC}") = "SourceGeneration.Benchmark", "SourceGeneration.Benchmark\SourceGeneration.Benchmark.csproj", "{FD2BBC4C-643E-4EF2-9EAC-FACB8A457E12}"
EndProject
Global
	GlobalSection(SolutionConfigurationPlatforms) = preSolution
		Debug|Any CPU = Debug|Any CPU
		Release|Any CPU = Release|Any CPU
	EndGlobalSection
	GlobalSection(ProjectConfigurationPlatforms) = postSolution
		{D233A4ED-B274-433D-9CBE-355BBE4A58D2}.Debug|Any CPU.ActiveCfg = Debug|Any CPU
		{D233A4ED-B274-433D-9CBE-355BBE4A58D2}.Debug|Any CPU.Build.0 = Debug|Any CPU
		{D233A4ED-B274-433D-9CBE-355BBE4A58D2}.Release|Any CPU.ActiveCfg = Release|Any CPU
		{D233A4ED-B274-433D-9CBE-355BBE4A58D2}.Release|Any CPU.Build.0 = Release|Any CPU
		{EB73A2A9-9B7B-4AF8-9E5C-575798DA1564}.Debug|Any CPU.ActiveCfg = Debug|Any CPU
		{EB73A2A9-9B7B-4AF8-9E5C-575798DA1564}.Debug|Any CPU.Build.0 = Debug|Any CPU
		{EB73A2A9-9B7B-4AF8-9E5C-575798DA1564}.Release|Any CPU.ActiveCfg = Release|Any CPU
		{EB73A2A9-9B7B-4AF8-9E5C-575798DA1564}.Release|Any CPU.Build.0 = Release|Any CPU
		{FD2BBC4C-643E-4EF2-9EAC-FACB8A457E12}.Debug|Any CPU.ActiveCfg = Debug|Any CPU
		{FD2BBC4C-643E-4EF2-9EAC-FACB8A457E12}.Debug|Any CPU.Build.0 = Debug|Any CPU
		{FD2BBC4C-643E-4EF2-9EAC-FACB8A457E12}.Release|Any CPU.ActiveCfg = Release|Any CPU
		{FD2BBC4C-643E-4EF2-9EAC-FACB8A457E12}.Release|Any CPU.Build.0 = Release|Any CPU
	EndGlobalSection
EndGlobal
